
Microsoft Visual Studio Solution File, Format Version 12.00
# Visual Studio Version 17
VisualStudioVersion = 17.9.34728.123
MinimumVisualStudioVersion = 10.0.40219.1
Project("{9A19103F-16F7-4668-BE54-9A1E7A4F7556}") = "Makers.TexhInterview.Backend", "Makers.TexhInterview.Backend\Makers.TexhInterview.Backend.csproj", "{9E099411-58AB-4F49-962E-3CDFEDA67825}"
EndProject
Project("{FAE04EC0-301F-11D3-BF4B-00C04F79EFBC}") = "Makers.TechInterview.Backend.Test1", "Makers.TechInterview.Backend.Test1\Makers.TechInterview.Backend.Test1.csproj", "{CFEE094C-70EC-4280-9DD9-9D2B347169A5}"
EndProject
Global
	GlobalSection(SolutionConfigurationPlatforms) = preSolution
		Debug|Any CPU = Debug|Any CPU
		Release|Any CPU = Release|Any CPU
	EndGlobalSection
	GlobalSection(ProjectConfigurationPlatforms) = postSolution
		{9E099411-58AB-4F49-962E-3CDFEDA67825}.Debug|Any CPU.ActiveCfg = Debug|Any CPU
		{9E099411-58AB-4F49-962E-3CDFEDA67825}.Debug|Any CPU.Build.0 = Debug|Any CPU
		{9E099411-58AB-4F49-962E-3CDFEDA67825}.Release|Any CPU.ActiveCfg = Release|Any CPU
		{9E099411-58AB-4F49-962E-3CDFEDA67825}.Release|Any CPU.Build.0 = Release|Any CPU
		{CFEE094C-70EC-4280-9DD9-9D2B347169A5}.Debug|Any CPU.ActiveCfg = Debug|Any CPU
		{CFEE094C-70EC-4280-9DD9-9D2B347169A5}.Debug|Any CPU.Build.0 = Debug|Any CPU
		{CFEE094C-70EC-4280-9DD9-9D2B347169A5}.Release|Any CPU.ActiveCfg = Release|Any CPU
		{CFEE094C-70EC-4280-9DD9-9D2B347169A5}.Release|Any CPU.Build.0 = Release|Any CPU
	EndGlobalSection
	GlobalSection(SolutionProperties) = preSolution
		HideSolutionNode = FALSE
	EndGlobalSection
	GlobalSection(ExtensibilityGlobals) = postSolution
		SolutionGuid = {47DD1082-1716-4A41-ACCF-22AA9FB332DD}
	EndGlobalSection
EndGlobal
